
Microsoft Visual Studio Solution File, Format Version 12.00
# Visual Studio Version 16
VisualStudioVersion = 16.0.30330.147
MinimumVisualStudioVersion = 10.0.40219.1
Project("{FAE04EC0-301F-11D3-BF4B-00C04F79EFBC}") = "ConsoleChat.Client", "ConsoleChat.Client\ConsoleChat.Client.csproj", "{F8DDC180-EFB8-4A3B-8278-749F0F5A0A08}"
EndProject
Project("{FAE04EC0-301F-11D3-BF4B-00C04F79EFBC}") = "ConsoleChat.Server", "ConsoleChat.Server\ConsoleChat.Server.csproj", "{BDC1D49C-E82D-40B0-BBBB-3CD025D1F893}"
EndProject
Project("{FAE04EC0-301F-11D3-BF4B-00C04F79EFBC}") = "ConsoleChat.Common", "ConsoleChat.Common\ConsoleChat.Common.csproj", "{766084A0-946E-4C74-B753-421A6880756B}"
EndProject
Global
	GlobalSection(SolutionConfigurationPlatforms) = preSolution
		Debug|Any CPU = Debug|Any CPU
		Release|Any CPU = Release|Any CPU
	EndGlobalSection
	GlobalSection(ProjectConfigurationPlatforms) = postSolution
		{F8DDC180-EFB8-4A3B-8278-749F0F5A0A08}.Debug|Any CPU.ActiveCfg = Debug|Any CPU
		{F8DDC180-EFB8-4A3B-8278-749F0F5A0A08}.Debug|Any CPU.Build.0 = Debug|Any CPU
		{F8DDC180-EFB8-4A3B-8278-749F0F5A0A08}.Release|Any CPU.ActiveCfg = Release|Any CPU
		{F8DDC180-EFB8-4A3B-8278-749F0F5A0A08}.Release|Any CPU.Build.0 = Release|Any CPU
		{BDC1D49C-E82D-40B0-BBBB-3CD025D1F893}.Debug|Any CPU.ActiveCfg = Debug|Any CPU
		{BDC1D49C-E82D-40B0-BBBB-3CD025D1F893}.Debug|Any CPU.Build.0 = Debug|Any CPU
		{BDC1D49C-E82D-40B0-BBBB-3CD025D1F893}.Release|Any CPU.ActiveCfg = Release|Any CPU
		{BDC1D49C-E82D-40B0-BBBB-3CD025D1F893}.Release|Any CPU.Build.0 = Release|Any CPU
		{766084A0-946E-4C74-B753-421A6880756B}.Debug|Any CPU.ActiveCfg = Debug|Any CPU
		{766084A0-946E-4C74-B753-421A6880756B}.Debug|Any CPU.Build.0 = Debug|Any CPU
		{766084A0-946E-4C74-B753-421A6880756B}.Release|Any CPU.ActiveCfg = Release|Any CPU
		{766084A0-946E-4C74-B753-421A6880756B}.Release|Any CPU.Build.0 = Release|Any CPU
	EndGlobalSection
	GlobalSection(SolutionProperties) = preSolution
		HideSolutionNode = FALSE
	EndGlobalSection
	GlobalSection(ExtensibilityGlobals) = postSolution
		SolutionGuid = {DEEBB01A-C6F4-4BC0-A1A6-DD666F7B291C}
	EndGlobalSection
EndGlobal
